
Microsoft Visual Studio Solution File, Format Version 12.00
# Visual Studio 2012
Project("{FAE04EC0-301F-11D3-BF4B-00C04F79EFBC}") = "ILNEditor", "ILNEditor\ILNEditor.csproj", "{60D13E6D-0DAF-4726-BE5C-2D249583D32B}"
EndProject
Project("{FAE04EC0-301F-11D3-BF4B-00C04F79EFBC}") = "Demo", "Demo\Demo.csproj", "{B603795C-225A-4001-AB90-6E0484DE040C}"
EndProject
Project("{2150E333-8FDC-42A3-9474-1A3956D46DE8}") = ".nuget", ".nuget", "{09638955-313E-4245-A079-E7253BA6A1F7}"
	ProjectSection(SolutionItems) = preProject
		.nuget\NuGet.Config = .nuget\NuGet.Config
		.nuget\NuGet.exe = .nuget\NuGet.exe
		.nuget\NuGet.targets = .nuget\NuGet.targets
	EndProjectSection
EndProject
Global
	GlobalSection(SolutionConfigurationPlatforms) = preSolution
		Debug|Any CPU = Debug|Any CPU
		Release|Any CPU = Release|Any CPU
	EndGlobalSection
	GlobalSection(ProjectConfigurationPlatforms) = postSolution
		{60D13E6D-0DAF-4726-BE5C-2D249583D32B}.Debug|Any CPU.ActiveCfg = Debug|Any CPU
		{60D13E6D-0DAF-4726-BE5C-2D249583D32B}.Debug|Any CPU.Build.0 = Debug|Any CPU
		{60D13E6D-0DAF-4726-BE5C-2D249583D32B}.Release|Any CPU.ActiveCfg = Release|Any CPU
		{60D13E6D-0DAF-4726-BE5C-2D249583D32B}.Release|Any CPU.Build.0 = Release|Any CPU
		{B603795C-225A-4001-AB90-6E0484DE040C}.Debug|Any CPU.ActiveCfg = Debug|x86
		{B603795C-225A-4001-AB90-6E0484DE040C}.Debug|Any CPU.Build.0 = Debug|x86
		{B603795C-225A-4001-AB90-6E0484DE040C}.Release|Any CPU.ActiveCfg = Release|x86
	EndGlobalSection
	GlobalSection(SolutionProperties) = preSolution
		HideSolutionNode = FALSE
	EndGlobalSection
EndGlobal
